
Microsoft Visual Studio Solution File, Format Version 12.00
# Visual Studio Version 17
VisualStudioVersion = 17.6.33712.159
MinimumVisualStudioVersion = 10.0.40219.1
Project("{FAE04EC0-301F-11D3-BF4B-00C04F79EFBC}") = "RoutedEventsBeispiel", "RoutedEventsBeispiel\RoutedEventsBeispiel.csproj", "{F988FE15-7DBA-4553-827D-2873EB3ABD59}"
EndProject
Global
	GlobalSection(SolutionConfigurationPlatforms) = preSolution
		Debug|Any CPU = Debug|Any CPU
		Release|Any CPU = Release|Any CPU
	EndGlobalSection
	GlobalSection(ProjectConfigurationPlatforms) = postSolution
		{F988FE15-7DBA-4553-827D-2873EB3ABD59}.Debug|Any CPU.ActiveCfg = Debug|Any CPU
		{F988FE15-7DBA-4553-827D-2873EB3ABD59}.Debug|Any CPU.Build.0 = Debug|Any CPU
		{F988FE15-7DBA-4553-827D-2873EB3ABD59}.Release|Any CPU.ActiveCfg = Release|Any CPU
		{F988FE15-7DBA-4553-827D-2873EB3ABD59}.Release|Any CPU.Build.0 = Release|Any CPU
	EndGlobalSection
	GlobalSection(SolutionProperties) = preSolution
		HideSolutionNode = FALSE
	EndGlobalSection
	GlobalSection(ExtensibilityGlobals) = postSolution
		SolutionGuid = {E6CDB4F4-E106-43F2-84EC-CAD24F473358}
	EndGlobalSection
EndGlobal
