
Microsoft Visual Studio Solution File, Format Version 12.00
# Visual Studio Version 17
VisualStudioVersion = 17.5.33627.172
MinimumVisualStudioVersion = 10.0.40219.1
Project("{FAE04EC0-301F-11D3-BF4B-00C04F79EFBC}") = "Datenbindung1", "Datenbindung1\Datenbindung1.csproj", "{34217166-9A21-4416-B6D5-1BB6EADE3D07}"
EndProject
Global
	GlobalSection(SolutionConfigurationPlatforms) = preSolution
		Debug|Any CPU = Debug|Any CPU
		Release|Any CPU = Release|Any CPU
	EndGlobalSection
	GlobalSection(ProjectConfigurationPlatforms) = postSolution
		{34217166-9A21-4416-B6D5-1BB6EADE3D07}.Debug|Any CPU.ActiveCfg = Debug|Any CPU
		{34217166-9A21-4416-B6D5-1BB6EADE3D07}.Debug|Any CPU.Build.0 = Debug|Any CPU
		{34217166-9A21-4416-B6D5-1BB6EADE3D07}.Release|Any CPU.ActiveCfg = Release|Any CPU
		{34217166-9A21-4416-B6D5-1BB6EADE3D07}.Release|Any CPU.Build.0 = Release|Any CPU
	EndGlobalSection
	GlobalSection(SolutionProperties) = preSolution
		HideSolutionNode = FALSE
	EndGlobalSection
	GlobalSection(ExtensibilityGlobals) = postSolution
		SolutionGuid = {B0773BB7-CE97-4A48-ACDC-D077F7AC3320}
	EndGlobalSection
EndGlobal
